// !$*UTF8*$!
{
	archiveVersion = 1;
	classes = {
	};
	objectVersion = 55;
	objects = {

/* Begin PBXBuildFile section */
		3E30670D27FFFA0600C69875 /* AppDelegate.swift in Sources */ = {isa = PBXBuildFile; fileRef = 3E30670C27FFFA0600C69875 /* AppDelegate.swift */; };
		3E30671627FFFA0800C69875 /* Assets.xcassets in Resources */ = {isa = PBXBuildFile; fileRef = 3E30671527FFFA0800C69875 /* Assets.xcassets */; };
		3E30671927FFFA0800C69875 /* LaunchScreen.storyboard in Resources */ = {isa = PBXBuildFile; fileRef = 3E30671727FFFA0800C69875 /* LaunchScreen.storyboard */; };
		3E30672427FFFA0800C69875 /* BookshelfTests.swift in Sources */ = {isa = PBXBuildFile; fileRef = 3E30672327FFFA0800C69875 /* BookshelfTests.swift */; };
		3E30672E27FFFA0800C69875 /* BookshelfUITests.swift in Sources */ = {isa = PBXBuildFile; fileRef = 3E30672D27FFFA0800C69875 /* BookshelfUITests.swift */; };
		3E30673027FFFA0800C69875 /* BookshelfUITestsLaunchTests.swift in Sources */ = {isa = PBXBuildFile; fileRef = 3E30672F27FFFA0800C69875 /* BookshelfUITestsLaunchTests.swift */; };
		3E30674E2800287B00C69875 /* SearchViewController.swift in Sources */ = {isa = PBXBuildFile; fileRef = 3E30674D2800287B00C69875 /* SearchViewController.swift */; };
		3E30674F2800287B00C69875 /* SearchViewController.swift in Sources */ = {isa = PBXBuildFile; fileRef = 3E30674D2800287B00C69875 /* SearchViewController.swift */; };
		3E3067502800287B00C69875 /* SearchViewController.swift in Sources */ = {isa = PBXBuildFile; fileRef = 3E30674D2800287B00C69875 /* SearchViewController.swift */; };
		3E3067522800288800C69875 /* DetailViewController.swift in Sources */ = {isa = PBXBuildFile; fileRef = 3E3067512800288800C69875 /* DetailViewController.swift */; };
		3E3067532800288800C69875 /* DetailViewController.swift in Sources */ = {isa = PBXBuildFile; fileRef = 3E3067512800288800C69875 /* DetailViewController.swift */; };
		3E3067542800288800C69875 /* DetailViewController.swift in Sources */ = {isa = PBXBuildFile; fileRef = 3E3067512800288800C69875 /* DetailViewController.swift */; };
		3E30675628002FA300C69875 /* BookModel.swift in Sources */ = {isa = PBXBuildFile; fileRef = 3E30675528002FA300C69875 /* BookModel.swift */; };
		3E30675728002FA300C69875 /* BookModel.swift in Sources */ = {isa = PBXBuildFile; fileRef = 3E30675528002FA300C69875 /* BookModel.swift */; };
		3E30675828002FA300C69875 /* BookModel.swift in Sources */ = {isa = PBXBuildFile; fileRef = 3E30675528002FA300C69875 /* BookModel.swift */; };
		3EFC25C128040103006E3599 /* DownloadManager.swift in Sources */ = {isa = PBXBuildFile; fileRef = 3EFC25C028040103006E3599 /* DownloadManager.swift */; };
		3EFC25C228040103006E3599 /* DownloadManager.swift in Sources */ = {isa = PBXBuildFile; fileRef = 3EFC25C028040103006E3599 /* DownloadManager.swift */; };
		3EFC25C328040104006E3599 /* DownloadManager.swift in Sources */ = {isa = PBXBuildFile; fileRef = 3EFC25C028040103006E3599 /* DownloadManager.swift */; };
		3EFC25C928041FCA006E3599 /* ImageLoader.swift in Sources */ = {isa = PBXBuildFile; fileRef = 3EFC25C828041FCA006E3599 /* ImageLoader.swift */; };
		3EFC25CA28041FCA006E3599 /* ImageLoader.swift in Sources */ = {isa = PBXBuildFile; fileRef = 3EFC25C828041FCA006E3599 /* ImageLoader.swift */; };
		3EFC25CB28041FCA006E3599 /* ImageLoader.swift in Sources */ = {isa = PBXBuildFile; fileRef = 3EFC25C828041FCA006E3599 /* ImageLoader.swift */; };
		D420EDA22804EE1600FC797F /* ImageLoaderTests.swift in Sources */ = {isa = PBXBuildFile; fileRef = D420EDA12804EE1600FC797F /* ImageLoaderTests.swift */; };
		D420EDA42804F12600FC797F /* DownloadManagerTests.swift in Sources */ = {isa = PBXBuildFile; fileRef = D420EDA32804F12600FC797F /* DownloadManagerTests.swift */; };
		D477B12528006742001A3384 /* UIView+Extension.swift in Sources */ = {isa = PBXBuildFile; fileRef = D477B12428006742001A3384 /* UIView+Extension.swift */; };
		D477B12628006742001A3384 /* UIView+Extension.swift in Sources */ = {isa = PBXBuildFile; fileRef = D477B12428006742001A3384 /* UIView+Extension.swift */; };
		D477B12728006742001A3384 /* UIView+Extension.swift in Sources */ = {isa = PBXBuildFile; fileRef = D477B12428006742001A3384 /* UIView+Extension.swift */; };
		D477B129280071D9001A3384 /* BooksTableViewCell.swift in Sources */ = {isa = PBXBuildFile; fileRef = D477B128280071D9001A3384 /* BooksTableViewCell.swift */; };
		D477B12A280071D9001A3384 /* BooksTableViewCell.swift in Sources */ = {isa = PBXBuildFile; fileRef = D477B128280071D9001A3384 /* BooksTableViewCell.swift */; };
		D477B12B280071D9001A3384 /* BooksTableViewCell.swift in Sources */ = {isa = PBXBuildFile; fileRef = D477B128280071D9001A3384 /* BooksTableViewCell.swift */; };
		D477B1382801496B001A3384 /* DetailModel.swift in Sources */ = {isa = PBXBuildFile; fileRef = D477B1372801496B001A3384 /* DetailModel.swift */; };
		D477B1392801496B001A3384 /* DetailModel.swift in Sources */ = {isa = PBXBuildFile; fileRef = D477B1372801496B001A3384 /* DetailModel.swift */; };
		D477B13A2801496B001A3384 /* DetailModel.swift in Sources */ = {isa = PBXBuildFile; fileRef = D477B1372801496B001A3384 /* DetailModel.swift */; };
		D477B14A28016873001A3384 /* Model.xcdatamodeld in Sources */ = {isa = PBXBuildFile; fileRef = D477B14828016873001A3384 /* Model.xcdatamodeld */; };
		D477B152280168D5001A3384 /* Note+CoreDataProperties.swift in Sources */ = {isa = PBXBuildFile; fileRef = D477B150280168D5001A3384 /* Note+CoreDataProperties.swift */; };
		D477B153280168D5001A3384 /* Note+CoreDataClass.swift in Sources */ = {isa = PBXBuildFile; fileRef = D477B151280168D5001A3384 /* Note+CoreDataClass.swift */; };
		D477B17628030594001A3384 /* SearchModel.swift in Sources */ = {isa = PBXBuildFile; fileRef = D477B17528030594001A3384 /* SearchModel.swift */; };
		D477B17728030594001A3384 /* SearchModel.swift in Sources */ = {isa = PBXBuildFile; fileRef = D477B17528030594001A3384 /* SearchModel.swift */; };
		D477B17828030594001A3384 /* SearchModel.swift in Sources */ = {isa = PBXBuildFile; fileRef = D477B17528030594001A3384 /* SearchModel.swift */; };
		D477B17B2803062E001A3384 /* SearchViewModel.swift in Sources */ = {isa = PBXBuildFile; fileRef = D477B17A2803062E001A3384 /* SearchViewModel.swift */; };
		D477B17C2803062E001A3384 /* SearchViewModel.swift in Sources */ = {isa = PBXBuildFile; fileRef = D477B17A2803062E001A3384 /* SearchViewModel.swift */; };
		D477B17D2803062E001A3384 /* SearchViewModel.swift in Sources */ = {isa = PBXBuildFile; fileRef = D477B17A2803062E001A3384 /* SearchViewModel.swift */; };
		D477B18128030648001A3384 /* SearchService.swift in Sources */ = {isa = PBXBuildFile; fileRef = D477B18028030648001A3384 /* SearchService.swift */; };
		D477B18228030648001A3384 /* SearchService.swift in Sources */ = {isa = PBXBuildFile; fileRef = D477B18028030648001A3384 /* SearchService.swift */; };
		D477B18328030648001A3384 /* SearchService.swift in Sources */ = {isa = PBXBuildFile; fileRef = D477B18028030648001A3384 /* SearchService.swift */; };
		D477B18528030651001A3384 /* SearchRepository.swift in Sources */ = {isa = PBXBuildFile; fileRef = D477B18428030651001A3384 /* SearchRepository.swift */; };
		D477B18628030651001A3384 /* SearchRepository.swift in Sources */ = {isa = PBXBuildFile; fileRef = D477B18428030651001A3384 /* SearchRepository.swift */; };
		D477B18728030651001A3384 /* SearchRepository.swift in Sources */ = {isa = PBXBuildFile; fileRef = D477B18428030651001A3384 /* SearchRepository.swift */; };
		D477B18928030B5A001A3384 /* DetailViewModel.swift in Sources */ = {isa = PBXBuildFile; fileRef = D477B18828030B5A001A3384 /* DetailViewModel.swift */; };
		D477B18A28030B5A001A3384 /* DetailViewModel.swift in Sources */ = {isa = PBXBuildFile; fileRef = D477B18828030B5A001A3384 /* DetailViewModel.swift */; };
		D477B18B28030B5A001A3384 /* DetailViewModel.swift in Sources */ = {isa = PBXBuildFile; fileRef = D477B18828030B5A001A3384 /* DetailViewModel.swift */; };
		D477B18D28030BE1001A3384 /* DetailService.swift in Sources */ = {isa = PBXBuildFile; fileRef = D477B18C28030BE1001A3384 /* DetailService.swift */; };
		D477B18E28030BE1001A3384 /* DetailService.swift in Sources */ = {isa = PBXBuildFile; fileRef = D477B18C28030BE1001A3384 /* DetailService.swift */; };
		D477B18F28030BE1001A3384 /* DetailService.swift in Sources */ = {isa = PBXBuildFile; fileRef = D477B18C28030BE1001A3384 /* DetailService.swift */; };
		D477B19128030BF0001A3384 /* DetailRepository.swift in Sources */ = {isa = PBXBuildFile; fileRef = D477B19028030BF0001A3384 /* DetailRepository.swift */; };
		D477B19228030BF0001A3384 /* DetailRepository.swift in Sources */ = {isa = PBXBuildFile; fileRef = D477B19028030BF0001A3384 /* DetailRepository.swift */; };
		D477B19328030BF0001A3384 /* DetailRepository.swift in Sources */ = {isa = PBXBuildFile; fileRef = D477B19028030BF0001A3384 /* DetailRepository.swift */; };
		D477B19D280462E5001A3384 /* SearchViewModelTests.swift in Sources */ = {isa = PBXBuildFile; fileRef = D477B19C280462E5001A3384 /* SearchViewModelTests.swift */; };
		D477B19E28046412001A3384 /* Note+CoreDataProperties.swift in Sources */ = {isa = PBXBuildFile; fileRef = D477B150280168D5001A3384 /* Note+CoreDataProperties.swift */; };
		D477B19F28046412001A3384 /* Note+CoreDataProperties.swift in Sources */ = {isa = PBXBuildFile; fileRef = D477B150280168D5001A3384 /* Note+CoreDataProperties.swift */; };
		D477B1A028046415001A3384 /* Note+CoreDataClass.swift in Sources */ = {isa = PBXBuildFile; fileRef = D477B151280168D5001A3384 /* Note+CoreDataClass.swift */; };
		D477B1A128046415001A3384 /* Note+CoreDataClass.swift in Sources */ = {isa = PBXBuildFile; fileRef = D477B151280168D5001A3384 /* Note+CoreDataClass.swift */; };
		D477B1A22804641A001A3384 /* AppDelegate.swift in Sources */ = {isa = PBXBuildFile; fileRef = 3E30670C27FFFA0600C69875 /* AppDelegate.swift */; };
		D477B1A32804641A001A3384 /* AppDelegate.swift in Sources */ = {isa = PBXBuildFile; fileRef = 3E30670C27FFFA0600C69875 /* AppDelegate.swift */; };
		D477B1A528046698001A3384 /* SearchServiceTests.swift in Sources */ = {isa = PBXBuildFile; fileRef = D477B1A428046698001A3384 /* SearchServiceTests.swift */; };
		D477B1A72804674D001A3384 /* SearchRepositoryTests.swift in Sources */ = {isa = PBXBuildFile; fileRef = D477B1A62804674D001A3384 /* SearchRepositoryTests.swift */; };
		D477B1AB28046904001A3384 /* DetailViewModelTests.swift in Sources */ = {isa = PBXBuildFile; fileRef = D477B1AA28046904001A3384 /* DetailViewModelTests.swift */; };
		D477B1AD28046ADC001A3384 /* DetailRepositoryTests.swift in Sources */ = {isa = PBXBuildFile; fileRef = D477B1AC28046ADC001A3384 /* DetailRepositoryTests.swift */; };
		D477B1AF28046C97001A3384 /* DetailServiceTests.swift in Sources */ = {isa = PBXBuildFile; fileRef = D477B1AE28046C97001A3384 /* DetailServiceTests.swift */; };
/* End PBXBuildFile section */

/* Begin PBXContainerItemProxy section */
		3E30672027FFFA0800C69875 /* PBXContainerItemProxy */ = {
			isa = PBXContainerItemProxy;
			containerPortal = 3E30670127FFFA0600C69875 /* Project object */;
			proxyType = 1;
			remoteGlobalIDString = 3E30670827FFFA0600C69875;
			remoteInfo = Bookshelf;
		};
		3E30672A27FFFA0800C69875 /* PBXContainerItemProxy */ = {
			isa = PBXContainerItemProxy;
			containerPortal = 3E30670127FFFA0600C69875 /* Project object */;
			proxyType = 1;
			remoteGlobalIDString = 3E30670827FFFA0600C69875;
			remoteInfo = Bookshelf;
		};
/* End PBXContainerItemProxy section */

/* Begin PBXFileReference section */
		3E30670927FFFA0600C69875 /* Bookshelf.app */ = {isa = PBXFileReference; explicitFileType = wrapper.application; includeInIndex = 0; path = Bookshelf.app; sourceTree = BUILT_PRODUCTS_DIR; };
		3E30670C27FFFA0600C69875 /* AppDelegate.swift */ = {isa = PBXFileReference; lastKnownFileType = sourcecode.swift; path = AppDelegate.swift; sourceTree = "<group>"; };
		3E30671527FFFA0800C69875 /* Assets.xcassets */ = {isa = PBXFileReference; lastKnownFileType = folder.assetcatalog; path = Assets.xcassets; sourceTree = "<group>"; };
		3E30671827FFFA0800C69875 /* Base */ = {isa = PBXFileReference; lastKnownFileType = file.storyboard; name = Base; path = Base.lproj/LaunchScreen.storyboard; sourceTree = "<group>"; };
		3E30671A27FFFA0800C69875 /* Info.plist */ = {isa = PBXFileReference; lastKnownFileType = text.plist.xml; path = Info.plist; sourceTree = "<group>"; };
		3E30671F27FFFA0800C69875 /* BookshelfTests.xctest */ = {isa = PBXFileReference; explicitFileType = wrapper.cfbundle; includeInIndex = 0; path = BookshelfTests.xctest; sourceTree = BUILT_PRODUCTS_DIR; };
		3E30672327FFFA0800C69875 /* BookshelfTests.swift */ = {isa = PBXFileReference; lastKnownFileType = sourcecode.swift; path = BookshelfTests.swift; sourceTree = "<group>"; };
		3E30672927FFFA0800C69875 /* BookshelfUITests.xctest */ = {isa = PBXFileReference; explicitFileType = wrapper.cfbundle; includeInIndex = 0; path = BookshelfUITests.xctest; sourceTree = BUILT_PRODUCTS_DIR; };
		3E30672D27FFFA0800C69875 /* BookshelfUITests.swift */ = {isa = PBXFileReference; lastKnownFileType = sourcecode.swift; path = BookshelfUITests.swift; sourceTree = "<group>"; };
		3E30672F27FFFA0800C69875 /* BookshelfUITestsLaunchTests.swift */ = {isa = PBXFileReference; lastKnownFileType = sourcecode.swift; path = BookshelfUITestsLaunchTests.swift; sourceTree = "<group>"; };
		3E30674D2800287B00C69875 /* SearchViewController.swift */ = {isa = PBXFileReference; lastKnownFileType = sourcecode.swift; path = SearchViewController.swift; sourceTree = "<group>"; };
		3E3067512800288800C69875 /* DetailViewController.swift */ = {isa = PBXFileReference; lastKnownFileType = sourcecode.swift; path = DetailViewController.swift; sourceTree = "<group>"; };
		3E30675528002FA300C69875 /* BookModel.swift */ = {isa = PBXFileReference; lastKnownFileType = sourcecode.swift; path = BookModel.swift; sourceTree = "<group>"; };
		3EFC25C028040103006E3599 /* DownloadManager.swift */ = {isa = PBXFileReference; lastKnownFileType = sourcecode.swift; path = DownloadManager.swift; sourceTree = "<group>"; };
		3EFC25C828041FCA006E3599 /* ImageLoader.swift */ = {isa = PBXFileReference; lastKnownFileType = sourcecode.swift; path = ImageLoader.swift; sourceTree = "<group>"; };
		D420EDA12804EE1600FC797F /* ImageLoaderTests.swift */ = {isa = PBXFileReference; lastKnownFileType = sourcecode.swift; path = ImageLoaderTests.swift; sourceTree = "<group>"; };
		D420EDA32804F12600FC797F /* DownloadManagerTests.swift */ = {isa = PBXFileReference; lastKnownFileType = sourcecode.swift; path = DownloadManagerTests.swift; sourceTree = "<group>"; };
		D477B12428006742001A3384 /* UIView+Extension.swift */ = {isa = PBXFileReference; lastKnownFileType = sourcecode.swift; path = "UIView+Extension.swift"; sourceTree = "<group>"; };
		D477B128280071D9001A3384 /* BooksTableViewCell.swift */ = {isa = PBXFileReference; lastKnownFileType = sourcecode.swift; path = BooksTableViewCell.swift; sourceTree = "<group>"; };
		D477B1372801496B001A3384 /* DetailModel.swift */ = {isa = PBXFileReference; lastKnownFileType = sourcecode.swift; path = DetailModel.swift; sourceTree = "<group>"; };
		D477B14928016873001A3384 /* Model.xcdatamodel */ = {isa = PBXFileReference; lastKnownFileType = wrapper.xcdatamodel; path = Model.xcdatamodel; sourceTree = "<group>"; };
		D477B150280168D5001A3384 /* Note+CoreDataProperties.swift */ = {isa = PBXFileReference; fileEncoding = 4; lastKnownFileType = sourcecode.swift; path = "Note+CoreDataProperties.swift"; sourceTree = "<group>"; };
		D477B151280168D5001A3384 /* Note+CoreDataClass.swift */ = {isa = PBXFileReference; fileEncoding = 4; lastKnownFileType = sourcecode.swift; path = "Note+CoreDataClass.swift"; sourceTree = "<group>"; };
		D477B17528030594001A3384 /* SearchModel.swift */ = {isa = PBXFileReference; lastKnownFileType = sourcecode.swift; path = SearchModel.swift; sourceTree = "<group>"; };
		D477B17A2803062E001A3384 /* SearchViewModel.swift */ = {isa = PBXFileReference; lastKnownFileType = sourcecode.swift; path = SearchViewModel.swift; sourceTree = "<group>"; };
		D477B18028030648001A3384 /* SearchService.swift */ = {isa = PBXFileReference; lastKnownFileType = sourcecode.swift; path = SearchService.swift; sourceTree = "<group>"; };
		D477B18428030651001A3384 /* SearchRepository.swift */ = {isa = PBXFileReference; lastKnownFileType = sourcecode.swift; path = SearchRepository.swift; sourceTree = "<group>"; };
		D477B18828030B5A001A3384 /* DetailViewModel.swift */ = {isa = PBXFileReference; lastKnownFileType = sourcecode.swift; path = DetailViewModel.swift; sourceTree = "<group>"; };
		D477B18C28030BE1001A3384 /* DetailService.swift */ = {isa = PBXFileReference; lastKnownFileType = sourcecode.swift; path = DetailService.swift; sourceTree = "<group>"; };
		D477B19028030BF0001A3384 /* DetailRepository.swift */ = {isa = PBXFileReference; lastKnownFileType = sourcecode.swift; path = DetailRepository.swift; sourceTree = "<group>"; };
		D477B19C280462E5001A3384 /* SearchViewModelTests.swift */ = {isa = PBXFileReference; lastKnownFileType = sourcecode.swift; path = SearchViewModelTests.swift; sourceTree = "<group>"; };
		D477B1A428046698001A3384 /* SearchServiceTests.swift */ = {isa = PBXFileReference; lastKnownFileType = sourcecode.swift; path = SearchServiceTests.swift; sourceTree = "<group>"; };
		D477B1A62804674D001A3384 /* SearchRepositoryTests.swift */ = {isa = PBXFileReference; lastKnownFileType = sourcecode.swift; path = SearchRepositoryTests.swift; sourceTree = "<group>"; };
		D477B1AA28046904001A3384 /* DetailViewModelTests.swift */ = {isa = PBXFileReference; lastKnownFileType = sourcecode.swift; path = DetailViewModelTests.swift; sourceTree = "<group>"; };
		D477B1AC28046ADC001A3384 /* DetailRepositoryTests.swift */ = {isa = PBXFileReference; lastKnownFileType = sourcecode.swift; path = DetailRepositoryTests.swift; sourceTree = "<group>"; };
		D477B1AE28046C97001A3384 /* DetailServiceTests.swift */ = {isa = PBXFileReference; lastKnownFileType = sourcecode.swift; path = DetailServiceTests.swift; sourceTree = "<group>"; };
/* End PBXFileReference section */

/* Begin PBXFrameworksBuildPhase section */
		3E30670627FFFA0600C69875 /* Frameworks */ = {
			isa = PBXFrameworksBuildPhase;
			buildActionMask = 2147483647;
			files = (
			);
			runOnlyForDeploymentPostprocessing = 0;
		};
		3E30671C27FFFA0800C69875 /* Frameworks */ = {
			isa = PBXFrameworksBuildPhase;
			buildActionMask = 2147483647;
			files = (
			);
			runOnlyForDeploymentPostprocessing = 0;
		};
		3E30672627FFFA0800C69875 /* Frameworks */ = {
			isa = PBXFrameworksBuildPhase;
			buildActionMask = 2147483647;
			files = (
			);
			runOnlyForDeploymentPostprocessing = 0;
		};
/* End PBXFrameworksBuildPhase section */

/* Begin PBXGroup section */
		3E30670027FFFA0600C69875 = {
			isa = PBXGroup;
			children = (
				3E30670B27FFFA0600C69875 /* Bookshelf */,
				3E30672227FFFA0800C69875 /* BookshelfTests */,
				3E30672C27FFFA0800C69875 /* BookshelfUITests */,
				3E30670A27FFFA0600C69875 /* Products */,
			);
			sourceTree = "<group>";
		};
		3E30670A27FFFA0600C69875 /* Products */ = {
			isa = PBXGroup;
			children = (
				3E30670927FFFA0600C69875 /* Bookshelf.app */,
				3E30671F27FFFA0800C69875 /* BookshelfTests.xctest */,
				3E30672927FFFA0800C69875 /* BookshelfUITests.xctest */,
			);
			name = Products;
			sourceTree = "<group>";
		};
		3E30670B27FFFA0600C69875 /* Bookshelf */ = {
			isa = PBXGroup;
			children = (
				D477B17F2803063C001A3384 /* Repository */,
				D477B17E28030638001A3384 /* Service */,
				D477B17928030623001A3384 /* ViewModel */,
				D477B14F280168D5001A3384 /* CoreData */,
				D477B13228011AEB001A3384 /* Image */,
				D477B12328006731001A3384 /* Extension */,
				3E30675A2800310000C69875 /* View */,
				3E306759280030EA00C69875 /* Model */,
				3E30670C27FFFA0600C69875 /* AppDelegate.swift */,
				3E30671527FFFA0800C69875 /* Assets.xcassets */,
				3E30671727FFFA0800C69875 /* LaunchScreen.storyboard */,
				3E30671A27FFFA0800C69875 /* Info.plist */,
				D477B14828016873001A3384 /* Model.xcdatamodeld */,
			);
			path = Bookshelf;
			sourceTree = "<group>";
		};
		3E30672227FFFA0800C69875 /* BookshelfTests */ = {
			isa = PBXGroup;
			children = (
				D477B1B028046CE8001A3384 /* Image */,
				D477B1A9280468C4001A3384 /* Detail */,
				D477B1A8280468B6001A3384 /* Search */,
				3E30672327FFFA0800C69875 /* BookshelfTests.swift */,
			);
			path = BookshelfTests;
			sourceTree = "<group>";
		};
		3E30672C27FFFA0800C69875 /* BookshelfUITests */ = {
			isa = PBXGroup;
			children = (
				3E30672D27FFFA0800C69875 /* BookshelfUITests.swift */,
				3E30672F27FFFA0800C69875 /* BookshelfUITestsLaunchTests.swift */,
			);
			path = BookshelfUITests;
			sourceTree = "<group>";
		};
		3E306759280030EA00C69875 /* Model */ = {
			isa = PBXGroup;
			children = (
				3E30675528002FA300C69875 /* BookModel.swift */,
				D477B1372801496B001A3384 /* DetailModel.swift */,
				D477B17528030594001A3384 /* SearchModel.swift */,
			);
			path = Model;
			sourceTree = "<group>";
		};
		3E30675A2800310000C69875 /* View */ = {
			isa = PBXGroup;
			children = (
				D477B12D280108B2001A3384 /* Cell */,
				3E30674D2800287B00C69875 /* SearchViewController.swift */,
				3E3067512800288800C69875 /* DetailViewController.swift */,
			);
			path = View;
			sourceTree = "<group>";
		};
		D477B12328006731001A3384 /* Extension */ = {
			isa = PBXGroup;
			children = (
				D477B12428006742001A3384 /* UIView+Extension.swift */,
			);
			path = Extension;
			sourceTree = "<group>";
		};
		D477B12D280108B2001A3384 /* Cell */ = {
			isa = PBXGroup;
			children = (
				D477B128280071D9001A3384 /* BooksTableViewCell.swift */,
			);
			path = Cell;
			sourceTree = "<group>";
		};
		D477B13228011AEB001A3384 /* Image */ = {
			isa = PBXGroup;
			children = (
				3EFC25C028040103006E3599 /* DownloadManager.swift */,
				3EFC25C828041FCA006E3599 /* ImageLoader.swift */,
			);
			path = Image;
			sourceTree = "<group>";
		};
		D477B14F280168D5001A3384 /* CoreData */ = {
			isa = PBXGroup;
			children = (
				D477B150280168D5001A3384 /* Note+CoreDataProperties.swift */,
				D477B151280168D5001A3384 /* Note+CoreDataClass.swift */,
			);
			path = CoreData;
			sourceTree = "<group>";
		};
		D477B17928030623001A3384 /* ViewModel */ = {
			isa = PBXGroup;
			children = (
				D477B17A2803062E001A3384 /* SearchViewModel.swift */,
				D477B18828030B5A001A3384 /* DetailViewModel.swift */,
			);
			path = ViewModel;
			sourceTree = "<group>";
		};
		D477B17E28030638001A3384 /* Service */ = {
			isa = PBXGroup;
			children = (
				D477B18028030648001A3384 /* SearchService.swift */,
				D477B18C28030BE1001A3384 /* DetailService.swift */,
			);
			path = Service;
			sourceTree = "<group>";
		};
		D477B17F2803063C001A3384 /* Repository */ = {
			isa = PBXGroup;
			children = (
				D477B18428030651001A3384 /* SearchRepository.swift */,
				D477B19028030BF0001A3384 /* DetailRepository.swift */,
			);
			path = Repository;
			sourceTree = "<group>";
		};
		D477B1A8280468B6001A3384 /* Search */ = {
			isa = PBXGroup;
			children = (
				D477B19C280462E5001A3384 /* SearchViewModelTests.swift */,
				D477B1A428046698001A3384 /* SearchServiceTests.swift */,
				D477B1A62804674D001A3384 /* SearchRepositoryTests.swift */,
			);
			path = Search;
			sourceTree = "<group>";
		};
		D477B1A9280468C4001A3384 /* Detail */ = {
			isa = PBXGroup;
			children = (
				D477B1AA28046904001A3384 /* DetailViewModelTests.swift */,
				D477B1AC28046ADC001A3384 /* DetailRepositoryTests.swift */,
				D477B1AE28046C97001A3384 /* DetailServiceTests.swift */,
			);
			path = Detail;
			sourceTree = "<group>";
		};
		D477B1B028046CE8001A3384 /* Image */ = {
			isa = PBXGroup;
			children = (
				D420EDA12804EE1600FC797F /* ImageLoaderTests.swift */,
				D420EDA32804F12600FC797F /* DownloadManagerTests.swift */,
			);
			path = Image;
			sourceTree = "<group>";
		};
/* End PBXGroup section */

/* Begin PBXNativeTarget section */
		3E30670827FFFA0600C69875 /* Bookshelf */ = {
			isa = PBXNativeTarget;
			buildConfigurationList = 3E30673327FFFA0800C69875 /* Build configuration list for PBXNativeTarget "Bookshelf" */;
			buildPhases = (
				3E30673C2800059D00C69875 /* SwiftLint Script */,
				3E30670527FFFA0600C69875 /* Sources */,
				3E30670627FFFA0600C69875 /* Frameworks */,
				3E30670727FFFA0600C69875 /* Resources */,
			);
			buildRules = (
			);
			dependencies = (
			);
			name = Bookshelf;
			productName = Bookshelf;
			productReference = 3E30670927FFFA0600C69875 /* Bookshelf.app */;
			productType = "com.apple.product-type.application";
		};
		3E30671E27FFFA0800C69875 /* BookshelfTests */ = {
			isa = PBXNativeTarget;
			buildConfigurationList = 3E30673627FFFA0800C69875 /* Build configuration list for PBXNativeTarget "BookshelfTests" */;
			buildPhases = (
				3E30671B27FFFA0800C69875 /* Sources */,
				3E30671C27FFFA0800C69875 /* Frameworks */,
				3E30671D27FFFA0800C69875 /* Resources */,
			);
			buildRules = (
			);
			dependencies = (
				3E30672127FFFA0800C69875 /* PBXTargetDependency */,
			);
			name = BookshelfTests;
			productName = BookshelfTests;
			productReference = 3E30671F27FFFA0800C69875 /* BookshelfTests.xctest */;
			productType = "com.apple.product-type.bundle.unit-test";
		};
		3E30672827FFFA0800C69875 /* BookshelfUITests */ = {
			isa = PBXNativeTarget;
			buildConfigurationList = 3E30673927FFFA0800C69875 /* Build configuration list for PBXNativeTarget "BookshelfUITests" */;
			buildPhases = (
				3E30672527FFFA0800C69875 /* Sources */,
				3E30672627FFFA0800C69875 /* Frameworks */,
				3E30672727FFFA0800C69875 /* Resources */,
			);
			buildRules = (
			);
			dependencies = (
				3E30672B27FFFA0800C69875 /* PBXTargetDependency */,
			);
			name = BookshelfUITests;
			productName = BookshelfUITests;
			productReference = 3E30672927FFFA0800C69875 /* BookshelfUITests.xctest */;
			productType = "com.apple.product-type.bundle.ui-testing";
		};
/* End PBXNativeTarget section */

/* Begin PBXProject section */
		3E30670127FFFA0600C69875 /* Project object */ = {
			isa = PBXProject;
			attributes = {
				BuildIndependentTargetsInParallel = 1;
				LastSwiftUpdateCheck = 1320;
				LastUpgradeCheck = 1320;
				TargetAttributes = {
					3E30670827FFFA0600C69875 = {
						CreatedOnToolsVersion = 13.2;
					};
					3E30671E27FFFA0800C69875 = {
						CreatedOnToolsVersion = 13.2;
						TestTargetID = 3E30670827FFFA0600C69875;
					};
					3E30672827FFFA0800C69875 = {
						CreatedOnToolsVersion = 13.2;
						TestTargetID = 3E30670827FFFA0600C69875;
					};
				};
			};
			buildConfigurationList = 3E30670427FFFA0600C69875 /* Build configuration list for PBXProject "Bookshelf" */;
			compatibilityVersion = "Xcode 13.0";
			developmentRegion = en;
			hasScannedForEncodings = 0;
			knownRegions = (
				en,
				Base,
			);
			mainGroup = 3E30670027FFFA0600C69875;
			productRefGroup = 3E30670A27FFFA0600C69875 /* Products */;
			projectDirPath = "";
			projectRoot = "";
			targets = (
				3E30670827FFFA0600C69875 /* Bookshelf */,
				3E30671E27FFFA0800C69875 /* BookshelfTests */,
				3E30672827FFFA0800C69875 /* BookshelfUITests */,
			);
		};
/* End PBXProject section */

/* Begin PBXResourcesBuildPhase section */
		3E30670727FFFA0600C69875 /* Resources */ = {
			isa = PBXResourcesBuildPhase;
			buildActionMask = 2147483647;
			files = (
				3E30671927FFFA0800C69875 /* LaunchScreen.storyboard in Resources */,
				3E30671627FFFA0800C69875 /* Assets.xcassets in Resources */,
			);
			runOnlyForDeploymentPostprocessing = 0;
		};
		3E30671D27FFFA0800C69875 /* Resources */ = {
			isa = PBXResourcesBuildPhase;
			buildActionMask = 2147483647;
			files = (
			);
			runOnlyForDeploymentPostprocessing = 0;
		};
		3E30672727FFFA0800C69875 /* Resources */ = {
			isa = PBXResourcesBuildPhase;
			buildActionMask = 2147483647;
			files = (
			);
			runOnlyForDeploymentPostprocessing = 0;
		};
/* End PBXResourcesBuildPhase section */

/* Begin PBXShellScriptBuildPhase section */
		3E30673C2800059D00C69875 /* SwiftLint Script */ = {
			isa = PBXShellScriptBuildPhase;
			buildActionMask = 2147483647;
			files = (
			);
			inputFileListPaths = (
			);
			inputPaths = (
			);
			name = "SwiftLint Script";
			outputFileListPaths = (
			);
			outputPaths = (
			);
			runOnlyForDeploymentPostprocessing = 0;
			shellPath = /bin/sh;
			shellScript = "if test -d \"/opt/homebrew/bin/\"; then\n  PATH=\"/opt/homebrew/bin/:${PATH}\"\nfi\n\nexport PATH\n\nif which swiftlint >/dev/null; then\n  swiftlint autocorrect\n  swiftlint\nelse\n  echo \"warning: SwiftLint not installed, download from https://github.com/realm/SwiftLint\"\nfi\n";
		};
/* End PBXShellScriptBuildPhase section */

/* Begin PBXSourcesBuildPhase section */
		3E30670527FFFA0600C69875 /* Sources */ = {
			isa = PBXSourcesBuildPhase;
			buildActionMask = 2147483647;
			files = (
				D477B152280168D5001A3384 /* Note+CoreDataProperties.swift in Sources */,
				D477B12528006742001A3384 /* UIView+Extension.swift in Sources */,
				3EFC25C928041FCA006E3599 /* ImageLoader.swift in Sources */,
				D477B18D28030BE1001A3384 /* DetailService.swift in Sources */,
				3E30675628002FA300C69875 /* BookModel.swift in Sources */,
				3E30674E2800287B00C69875 /* SearchViewController.swift in Sources */,
				D477B1382801496B001A3384 /* DetailModel.swift in Sources */,
				D477B17628030594001A3384 /* SearchModel.swift in Sources */,
				D477B19128030BF0001A3384 /* DetailRepository.swift in Sources */,
				D477B18528030651001A3384 /* SearchRepository.swift in Sources */,
				D477B129280071D9001A3384 /* BooksTableViewCell.swift in Sources */,
				D477B17B2803062E001A3384 /* SearchViewModel.swift in Sources */,
				3E30670D27FFFA0600C69875 /* AppDelegate.swift in Sources */,
				D477B18928030B5A001A3384 /* DetailViewModel.swift in Sources */,
				D477B14A28016873001A3384 /* Model.xcdatamodeld in Sources */,
				3EFC25C128040103006E3599 /* DownloadManager.swift in Sources */,
				D477B153280168D5001A3384 /* Note+CoreDataClass.swift in Sources */,
				D477B18128030648001A3384 /* SearchService.swift in Sources */,
				3E3067522800288800C69875 /* DetailViewController.swift in Sources */,
			);
			runOnlyForDeploymentPostprocessing = 0;
		};
		3E30671B27FFFA0800C69875 /* Sources */ = {
			isa = PBXSourcesBuildPhase;
			buildActionMask = 2147483647;
			files = (
				D477B17C2803062E001A3384 /* SearchViewModel.swift in Sources */,
				D477B12628006742001A3384 /* UIView+Extension.swift in Sources */,
				D477B1AF28046C97001A3384 /* DetailServiceTests.swift in Sources */,
				D477B18A28030B5A001A3384 /* DetailViewModel.swift in Sources */,
				3EFC25C228040103006E3599 /* DownloadManager.swift in Sources */,
				D477B19228030BF0001A3384 /* DetailRepository.swift in Sources */,
				3E30675728002FA300C69875 /* BookModel.swift in Sources */,
				3E3067532800288800C69875 /* DetailViewController.swift in Sources */,
				D477B17728030594001A3384 /* SearchModel.swift in Sources */,
				D477B1A22804641A001A3384 /* AppDelegate.swift in Sources */,
				D477B18628030651001A3384 /* SearchRepository.swift in Sources */,
				D477B1392801496B001A3384 /* DetailModel.swift in Sources */,
				D477B1A72804674D001A3384 /* SearchRepositoryTests.swift in Sources */,
				D477B1AD28046ADC001A3384 /* DetailRepositoryTests.swift in Sources */,
				D477B18E28030BE1001A3384 /* DetailService.swift in Sources */,
				D420EDA42804F12600FC797F /* DownloadManagerTests.swift in Sources */,
				3EFC25CA28041FCA006E3599 /* ImageLoader.swift in Sources */,
				D477B12A280071D9001A3384 /* BooksTableViewCell.swift in Sources */,
				3E30674F2800287B00C69875 /* SearchViewController.swift in Sources */,
				D477B1A528046698001A3384 /* SearchServiceTests.swift in Sources */,
				D477B19D280462E5001A3384 /* SearchViewModelTests.swift in Sources */,
				D420EDA22804EE1600FC797F /* ImageLoaderTests.swift in Sources */,
				D477B18228030648001A3384 /* SearchService.swift in Sources */,
				3E30672427FFFA0800C69875 /* BookshelfTests.swift in Sources */,
				D477B19E28046412001A3384 /* Note+CoreDataProperties.swift in Sources */,
				D477B1AB28046904001A3384 /* DetailViewModelTests.swift in Sources */,
				D477B1A028046415001A3384 /* Note+CoreDataClass.swift in Sources */,
			);
			runOnlyForDeploymentPostprocessing = 0;
		};
		3E30672527FFFA0800C69875 /* Sources */ = {
			isa = PBXSourcesBuildPhase;
			buildActionMask = 2147483647;
			files = (
				D477B18B28030B5A001A3384 /* DetailViewModel.swift in Sources */,
				D477B18F28030BE1001A3384 /* DetailService.swift in Sources */,
				D477B18328030648001A3384 /* SearchService.swift in Sources */,
				D477B12B280071D9001A3384 /* BooksTableViewCell.swift in Sources */,
				D477B13A2801496B001A3384 /* DetailModel.swift in Sources */,
				3E3067502800287B00C69875 /* SearchViewController.swift in Sources */,
				D477B12728006742001A3384 /* UIView+Extension.swift in Sources */,
				3E30673027FFFA0800C69875 /* BookshelfUITestsLaunchTests.swift in Sources */,
				D477B1A32804641A001A3384 /* AppDelegate.swift in Sources */,
				3EFC25C328040104006E3599 /* DownloadManager.swift in Sources */,
				D477B19328030BF0001A3384 /* DetailRepository.swift in Sources */,
				D477B17D2803062E001A3384 /* SearchViewModel.swift in Sources */,
				3E30672E27FFFA0800C69875 /* BookshelfUITests.swift in Sources */,
				3E30675828002FA300C69875 /* BookModel.swift in Sources */,
				3EFC25CB28041FCA006E3599 /* ImageLoader.swift in Sources */,
				D477B18728030651001A3384 /* SearchRepository.swift in Sources */,
				D477B17828030594001A3384 /* SearchModel.swift in Sources */,
				3E3067542800288800C69875 /* DetailViewController.swift in Sources */,
				D477B19F28046412001A3384 /* Note+CoreDataProperties.swift in Sources */,
				D477B1A128046415001A3384 /* Note+CoreDataClass.swift in Sources */,
			);
			runOnlyForDeploymentPostprocessing = 0;
		};
/* End PBXSourcesBuildPhase section */

/* Begin PBXTargetDependency section */
		3E30672127FFFA0800C69875 /* PBXTargetDependency */ = {
			isa = PBXTargetDependency;
			target = 3E30670827FFFA0600C69875 /* Bookshelf */;
			targetProxy = 3E30672027FFFA0800C69875 /* PBXContainerItemProxy */;
		};
		3E30672B27FFFA0800C69875 /* PBXTargetDependency */ = {
			isa = PBXTargetDependency;
			target = 3E30670827FFFA0600C69875 /* Bookshelf */;
			targetProxy = 3E30672A27FFFA0800C69875 /* PBXContainerItemProxy */;
		};
/* End PBXTargetDependency section */

/* Begin PBXVariantGroup section */
		3E30671727FFFA0800C69875 /* LaunchScreen.storyboard */ = {
			isa = PBXVariantGroup;
			children = (
				3E30671827FFFA0800C69875 /* Base */,
			);
			name = LaunchScreen.storyboard;
			sourceTree = "<group>";
		};
/* End PBXVariantGroup section */

/* Begin XCBuildConfiguration section */
		3E30673127FFFA0800C69875 /* Debug */ = {
			isa = XCBuildConfiguration;
			buildSettings = {
				ALWAYS_SEARCH_USER_PATHS = NO;
				CLANG_ANALYZER_NONNULL = YES;
				CLANG_ANALYZER_NUMBER_OBJECT_CONVERSION = YES_AGGRESSIVE;
				CLANG_CXX_LANGUAGE_STANDARD = "gnu++17";
				CLANG_CXX_LIBRARY = "libc++";
				CLANG_ENABLE_MODULES = YES;
				CLANG_ENABLE_OBJC_ARC = YES;
				CLANG_ENABLE_OBJC_WEAK = YES;
				CLANG_WARN_BLOCK_CAPTURE_AUTORELEASING = YES;
				CLANG_WARN_BOOL_CONVERSION = YES;
				CLANG_WARN_COMMA = YES;
				CLANG_WARN_CONSTANT_CONVERSION = YES;
				CLANG_WARN_DEPRECATED_OBJC_IMPLEMENTATIONS = YES;
				CLANG_WARN_DIRECT_OBJC_ISA_USAGE = YES_ERROR;
				CLANG_WARN_DOCUMENTATION_COMMENTS = YES;
				CLANG_WARN_EMPTY_BODY = YES;
				CLANG_WARN_ENUM_CONVERSION = YES;
				CLANG_WARN_INFINITE_RECURSION = YES;
				CLANG_WARN_INT_CONVERSION = YES;
				CLANG_WARN_NON_LITERAL_NULL_CONVERSION = YES;
				CLANG_WARN_OBJC_IMPLICIT_RETAIN_SELF = YES;
				CLANG_WARN_OBJC_LITERAL_CONVERSION = YES;
				CLANG_WARN_OBJC_ROOT_CLASS = YES_ERROR;
				CLANG_WARN_QUOTED_INCLUDE_IN_FRAMEWORK_HEADER = YES;
				CLANG_WARN_RANGE_LOOP_ANALYSIS = YES;
				CLANG_WARN_STRICT_PROTOTYPES = YES;
				CLANG_WARN_SUSPICIOUS_MOVE = YES;
				CLANG_WARN_UNGUARDED_AVAILABILITY = YES_AGGRESSIVE;
				CLANG_WARN_UNREACHABLE_CODE = YES;
				CLANG_WARN__DUPLICATE_METHOD_MATCH = YES;
				COPY_PHASE_STRIP = NO;
				DEBUG_INFORMATION_FORMAT = dwarf;
				ENABLE_STRICT_OBJC_MSGSEND = YES;
				ENABLE_TESTABILITY = YES;
				GCC_C_LANGUAGE_STANDARD = gnu11;
				GCC_DYNAMIC_NO_PIC = NO;
				GCC_NO_COMMON_BLOCKS = YES;
				GCC_OPTIMIZATION_LEVEL = 0;
				GCC_PREPROCESSOR_DEFINITIONS = (
					"DEBUG=1",
					"$(inherited)",
				);
				GCC_WARN_64_TO_32_BIT_CONVERSION = YES;
				GCC_WARN_ABOUT_RETURN_TYPE = YES_ERROR;
				GCC_WARN_UNDECLARED_SELECTOR = YES;
				GCC_WARN_UNINITIALIZED_AUTOS = YES_AGGRESSIVE;
				GCC_WARN_UNUSED_FUNCTION = YES;
				GCC_WARN_UNUSED_VARIABLE = YES;
				IPHONEOS_DEPLOYMENT_TARGET = 10.0;
				MTL_ENABLE_DEBUG_INFO = INCLUDE_SOURCE;
				MTL_FAST_MATH = YES;
				ONLY_ACTIVE_ARCH = YES;
				SDKROOT = iphoneos;
				SWIFT_ACTIVE_COMPILATION_CONDITIONS = DEBUG;
				SWIFT_OPTIMIZATION_LEVEL = "-Onone";
			};
			name = Debug;
		};
		3E30673227FFFA0800C69875 /* Release */ = {
			isa = XCBuildConfiguration;
			buildSettings = {
				ALWAYS_SEARCH_USER_PATHS = NO;
				CLANG_ANALYZER_NONNULL = YES;
				CLANG_ANALYZER_NUMBER_OBJECT_CONVERSION = YES_AGGRESSIVE;
				CLANG_CXX_LANGUAGE_STANDARD = "gnu++17";
				CLANG_CXX_LIBRARY = "libc++";
				CLANG_ENABLE_MODULES = YES;
				CLANG_ENABLE_OBJC_ARC = YES;
				CLANG_ENABLE_OBJC_WEAK = YES;
				CLANG_WARN_BLOCK_CAPTURE_AUTORELEASING = YES;
				CLANG_WARN_BOOL_CONVERSION = YES;
				CLANG_WARN_COMMA = YES;
				CLANG_WARN_CONSTANT_CONVERSION = YES;
				CLANG_WARN_DEPRECATED_OBJC_IMPLEMENTATIONS = YES;
				CLANG_WARN_DIRECT_OBJC_ISA_USAGE = YES_ERROR;
				CLANG_WARN_DOCUMENTATION_COMMENTS = YES;
				CLANG_WARN_EMPTY_BODY = YES;
				CLANG_WARN_ENUM_CONVERSION = YES;
				CLANG_WARN_INFINITE_RECURSION = YES;
				CLANG_WARN_INT_CONVERSION = YES;
				CLANG_WARN_NON_LITERAL_NULL_CONVERSION = YES;
				CLANG_WARN_OBJC_IMPLICIT_RETAIN_SELF = YES;
				CLANG_WARN_OBJC_LITERAL_CONVERSION = YES;
				CLANG_WARN_OBJC_ROOT_CLASS = YES_ERROR;
				CLANG_WARN_QUOTED_INCLUDE_IN_FRAMEWORK_HEADER = YES;
				CLANG_WARN_RANGE_LOOP_ANALYSIS = YES;
				CLANG_WARN_STRICT_PROTOTYPES = YES;
				CLANG_WARN_SUSPICIOUS_MOVE = YES;
				CLANG_WARN_UNGUARDED_AVAILABILITY = YES_AGGRESSIVE;
				CLANG_WARN_UNREACHABLE_CODE = YES;
				CLANG_WARN__DUPLICATE_METHOD_MATCH = YES;
				COPY_PHASE_STRIP = NO;
				DEBUG_INFORMATION_FORMAT = "dwarf-with-dsym";
				ENABLE_NS_ASSERTIONS = NO;
				ENABLE_STRICT_OBJC_MSGSEND = YES;
				GCC_C_LANGUAGE_STANDARD = gnu11;
				GCC_NO_COMMON_BLOCKS = YES;
				GCC_WARN_64_TO_32_BIT_CONVERSION = YES;
				GCC_WARN_ABOUT_RETURN_TYPE = YES_ERROR;
				GCC_WARN_UNDECLARED_SELECTOR = YES;
				GCC_WARN_UNINITIALIZED_AUTOS = YES_AGGRESSIVE;
				GCC_WARN_UNUSED_FUNCTION = YES;
				GCC_WARN_UNUSED_VARIABLE = YES;
				IPHONEOS_DEPLOYMENT_TARGET = 10.0;
				MTL_ENABLE_DEBUG_INFO = NO;
				MTL_FAST_MATH = YES;
				SDKROOT = iphoneos;
				SWIFT_COMPILATION_MODE = wholemodule;
				SWIFT_OPTIMIZATION_LEVEL = "-O";
				VALIDATE_PRODUCT = YES;
			};
			name = Release;
		};
		3E30673427FFFA0800C69875 /* Debug */ = {
			isa = XCBuildConfiguration;
			buildSettings = {
				ASSETCATALOG_COMPILER_APPICON_NAME = AppIcon;
				ASSETCATALOG_COMPILER_GLOBAL_ACCENT_COLOR_NAME = AccentColor;
				CODE_SIGN_STYLE = Automatic;
				CURRENT_PROJECT_VERSION = 1;
				DEVELOPMENT_TEAM = JJ6TYABCNK;
				GENERATE_INFOPLIST_FILE = YES;
				INFOPLIST_FILE = Bookshelf/Info.plist;
				INFOPLIST_KEY_UIApplicationSupportsIndirectInputEvents = YES;
				INFOPLIST_KEY_UILaunchStoryboardName = LaunchScreen;
				INFOPLIST_KEY_UISupportedInterfaceOrientations_iPad = "UIInterfaceOrientationPortrait UIInterfaceOrientationPortraitUpsideDown UIInterfaceOrientationLandscapeLeft UIInterfaceOrientationLandscapeRight";
				INFOPLIST_KEY_UISupportedInterfaceOrientations_iPhone = "UIInterfaceOrientationPortrait UIInterfaceOrientationLandscapeLeft UIInterfaceOrientationLandscapeRight";
				LD_RUNPATH_SEARCH_PATHS = (
					"$(inherited)",
					"@executable_path/Frameworks",
				);
				MARKETING_VERSION = 1.0;
				PRODUCT_BUNDLE_IDENTIFIER = com.kkk.Bookshelf;
				PRODUCT_NAME = "$(TARGET_NAME)";
				SWIFT_EMIT_LOC_STRINGS = YES;
				SWIFT_VERSION = 5.0;
				TARGETED_DEVICE_FAMILY = "1,2";
			};
			name = Debug;
		};
		3E30673527FFFA0800C69875 /* Release */ = {
			isa = XCBuildConfiguration;
			buildSettings = {
				ASSETCATALOG_COMPILER_APPICON_NAME = AppIcon;
				ASSETCATALOG_COMPILER_GLOBAL_ACCENT_COLOR_NAME = AccentColor;
				CODE_SIGN_STYLE = Automatic;
				CURRENT_PROJECT_VERSION = 1;
				DEVELOPMENT_TEAM = JJ6TYABCNK;
				GENERATE_INFOPLIST_FILE = YES;
				INFOPLIST_FILE = Bookshelf/Info.plist;
				INFOPLIST_KEY_UIApplicationSupportsIndirectInputEvents = YES;
				INFOPLIST_KEY_UILaunchStoryboardName = LaunchScreen;
				INFOPLIST_KEY_UISupportedInterfaceOrientations_iPad = "UIInterfaceOrientationPortrait UIInterfaceOrientationPortraitUpsideDown UIInterfaceOrientationLandscapeLeft UIInterfaceOrientationLandscapeRight";
				INFOPLIST_KEY_UISupportedInterfaceOrientations_iPhone = "UIInterfaceOrientationPortrait UIInterfaceOrientationLandscapeLeft UIInterfaceOrientationLandscapeRight";
				LD_RUNPATH_SEARCH_PATHS = (
					"$(inherited)",
					"@executable_path/Frameworks",
				);
				MARKETING_VERSION = 1.0;
				PRODUCT_BUNDLE_IDENTIFIER = com.kkk.Bookshelf;
				PRODUCT_NAME = "$(TARGET_NAME)";
				SWIFT_EMIT_LOC_STRINGS = YES;
				SWIFT_VERSION = 5.0;
				TARGETED_DEVICE_FAMILY = "1,2";
			};
			name = Release;
		};
		3E30673727FFFA0800C69875 /* Debug */ = {
			isa = XCBuildConfiguration;
			buildSettings = {
				ALWAYS_EMBED_SWIFT_STANDARD_LIBRARIES = YES;
				BUNDLE_LOADER = "$(TEST_HOST)";
				CODE_SIGN_STYLE = Automatic;
				CURRENT_PROJECT_VERSION = 1;
				DEVELOPMENT_TEAM = JJ6TYABCNK;
				GENERATE_INFOPLIST_FILE = YES;
				IPHONEOS_DEPLOYMENT_TARGET = 10.0;
				MARKETING_VERSION = 1.0;
				PRODUCT_BUNDLE_IDENTIFIER = com.kkk.BookshelfTests;
				PRODUCT_NAME = "$(TARGET_NAME)";
				SWIFT_EMIT_LOC_STRINGS = NO;
				SWIFT_VERSION = 5.0;
				TARGETED_DEVICE_FAMILY = "1,2";
				TEST_HOST = "$(BUILT_PRODUCTS_DIR)/Bookshelf.app/Bookshelf";
			};
			name = Debug;
		};
		3E30673827FFFA0800C69875 /* Release */ = {
			isa = XCBuildConfiguration;
			buildSettings = {
				ALWAYS_EMBED_SWIFT_STANDARD_LIBRARIES = YES;
				BUNDLE_LOADER = "$(TEST_HOST)";
				CODE_SIGN_STYLE = Automatic;
				CURRENT_PROJECT_VERSION = 1;
				DEVELOPMENT_TEAM = JJ6TYABCNK;
				GENERATE_INFOPLIST_FILE = YES;
				IPHONEOS_DEPLOYMENT_TARGET = 10.0;
				MARKETING_VERSION = 1.0;
				PRODUCT_BUNDLE_IDENTIFIER = com.kkk.BookshelfTests;
				PRODUCT_NAME = "$(TARGET_NAME)";
				SWIFT_EMIT_LOC_STRINGS = NO;
				SWIFT_VERSION = 5.0;
				TARGETED_DEVICE_FAMILY = "1,2";
				TEST_HOST = "$(BUILT_PRODUCTS_DIR)/Bookshelf.app/Bookshelf";
			};
			name = Release;
		};
		3E30673A27FFFA0800C69875 /* Debug */ = {
			isa = XCBuildConfiguration;
			buildSettings = {
				ALWAYS_EMBED_SWIFT_STANDARD_LIBRARIES = YES;
				CODE_SIGN_STYLE = Automatic;
				CURRENT_PROJECT_VERSION = 1;
				DEVELOPMENT_TEAM = JJ6TYABCNK;
				GENERATE_INFOPLIST_FILE = YES;
				MARKETING_VERSION = 1.0;
				PRODUCT_BUNDLE_IDENTIFIER = com.kkk.BookshelfUITests;
				PRODUCT_NAME = "$(TARGET_NAME)";
				SWIFT_EMIT_LOC_STRINGS = NO;
				SWIFT_VERSION = 5.0;
				TARGETED_DEVICE_FAMILY = "1,2";
				TEST_TARGET_NAME = Bookshelf;
			};
			name = Debug;
		};
		3E30673B27FFFA0800C69875 /* Release */ = {
			isa = XCBuildConfiguration;
			buildSettings = {
				ALWAYS_EMBED_SWIFT_STANDARD_LIBRARIES = YES;
				CODE_SIGN_STYLE = Automatic;
				CURRENT_PROJECT_VERSION = 1;
				DEVELOPMENT_TEAM = JJ6TYABCNK;
				GENERATE_INFOPLIST_FILE = YES;
				MARKETING_VERSION = 1.0;
				PRODUCT_BUNDLE_IDENTIFIER = com.kkk.BookshelfUITests;
				PRODUCT_NAME = "$(TARGET_NAME)";
				SWIFT_EMIT_LOC_STRINGS = NO;
				SWIFT_VERSION = 5.0;
				TARGETED_DEVICE_FAMILY = "1,2";
				TEST_TARGET_NAME = Bookshelf;
			};
			name = Release;
		};
/* End XCBuildConfiguration section */

/* Begin XCConfigurationList section */
		3E30670427FFFA0600C69875 /* Build configuration list for PBXProject "Bookshelf" */ = {
			isa = XCConfigurationList;
			buildConfigurations = (
				3E30673127FFFA0800C69875 /* Debug */,
				3E30673227FFFA0800C69875 /* Release */,
			);
			defaultConfigurationIsVisible = 0;
			defaultConfigurationName = Release;
		};
		3E30673327FFFA0800C69875 /* Build configuration list for PBXNativeTarget "Bookshelf" */ = {
			isa = XCConfigurationList;
			buildConfigurations = (
				3E30673427FFFA0800C69875 /* Debug */,
				3E30673527FFFA0800C69875 /* Release */,
			);
			defaultConfigurationIsVisible = 0;
			defaultConfigurationName = Release;
		};
		3E30673627FFFA0800C69875 /* Build configuration list for PBXNativeTarget "BookshelfTests" */ = {
			isa = XCConfigurationList;
			buildConfigurations = (
				3E30673727FFFA0800C69875 /* Debug */,
				3E30673827FFFA0800C69875 /* Release */,
			);
			defaultConfigurationIsVisible = 0;
			defaultConfigurationName = Release;
		};
		3E30673927FFFA0800C69875 /* Build configuration list for PBXNativeTarget "BookshelfUITests" */ = {
			isa = XCConfigurationList;
			buildConfigurations = (
				3E30673A27FFFA0800C69875 /* Debug */,
				3E30673B27FFFA0800C69875 /* Release */,
			);
			defaultConfigurationIsVisible = 0;
			defaultConfigurationName = Release;
		};
/* End XCConfigurationList section */

/* Begin XCVersionGroup section */
		D477B14828016873001A3384 /* Model.xcdatamodeld */ = {
			isa = XCVersionGroup;
			children = (
				D477B14928016873001A3384 /* Model.xcdatamodel */,
			);
			currentVersion = D477B14928016873001A3384 /* Model.xcdatamodel */;
			path = Model.xcdatamodeld;
			sourceTree = "<group>";
			versionGroupType = wrapper.xcdatamodel;
		};
/* End XCVersionGroup section */
	};
	rootObject = 3E30670127FFFA0600C69875 /* Project object */;
}
